
Microsoft Visual Studio Solution File, Format Version 12.00
# Visual Studio 15
VisualStudioVersion = 15.0.28010.2016
MinimumVisualStudioVersion = 10.0.40219.1
Project("{FAE04EC0-301F-11D3-BF4B-00C04F79EFBC}") = "TXR0 Rival Structure Researcher", "TXR0 Rival Structure Researcher\TXR0 Rival Structure Researcher.csproj", "{E1ED79E8-2AD0-4CE4-8A71-D0EB8E745301}"
EndProject
Global
	GlobalSection(SolutionConfigurationPlatforms) = preSolution
		Debug|x64 = Debug|x64
		Debug|x86 = Debug|x86
		Release|x64 = Release|x64
		Release|x86 = Release|x86
	EndGlobalSection
	GlobalSection(ProjectConfigurationPlatforms) = postSolution
		{E1ED79E8-2AD0-4CE4-8A71-D0EB8E745301}.Debug|x64.ActiveCfg = Debug|x64
		{E1ED79E8-2AD0-4CE4-8A71-D0EB8E745301}.Debug|x64.Build.0 = Debug|x64
		{E1ED79E8-2AD0-4CE4-8A71-D0EB8E745301}.Debug|x86.ActiveCfg = Debug|x86
		{E1ED79E8-2AD0-4CE4-8A71-D0EB8E745301}.Debug|x86.Build.0 = Debug|x86
		{E1ED79E8-2AD0-4CE4-8A71-D0EB8E745301}.Release|x64.ActiveCfg = Release|x64
		{E1ED79E8-2AD0-4CE4-8A71-D0EB8E745301}.Release|x64.Build.0 = Release|x64
		{E1ED79E8-2AD0-4CE4-8A71-D0EB8E745301}.Release|x86.ActiveCfg = Release|x86
		{E1ED79E8-2AD0-4CE4-8A71-D0EB8E745301}.Release|x86.Build.0 = Release|x86
	EndGlobalSection
	GlobalSection(SolutionProperties) = preSolution
		HideSolutionNode = FALSE
	EndGlobalSection
	GlobalSection(ExtensibilityGlobals) = postSolution
		SolutionGuid = {D62987D8-2EA6-4222-93B6-6F3376A7B88F}
	EndGlobalSection
EndGlobal
